// !$*UTF8*$!
{
	archiveVersion = 1;
	classes = {
	};
	objectVersion = 50;
	objects = {

/* Begin PBXBuildFile section */
		7A780E6C20EB4FA300A6A062 /* AppDelegate.m in Sources */ = {isa = PBXBuildFile; fileRef = 7A780E6B20EB4FA300A6A062 /* AppDelegate.m */; };
		7A780E7420EB4FA600A6A062 /* Assets.xcassets in Resources */ = {isa = PBXBuildFile; fileRef = 7A780E7320EB4FA600A6A062 /* Assets.xcassets */; };
		7A780E7A20EB4FA600A6A062 /* main.m in Sources */ = {isa = PBXBuildFile; fileRef = 7A780E7920EB4FA600A6A062 /* main.m */; };
		7A780E8320EB517600A6A062 /* YT_UILable_VC.m in Sources */ = {isa = PBXBuildFile; fileRef = 7A780E8220EB517600A6A062 /* YT_UILable_VC.m */; };
		7A780E8620EB63C600A6A062 /* YT_UIButton_VC.m in Sources */ = {isa = PBXBuildFile; fileRef = 7A780E8520EB63C600A6A062 /* YT_UIButton_VC.m */; };
		7A780E8920EB6F3600A6A062 /* YT_UISwitch_VC.m in Sources */ = {isa = PBXBuildFile; fileRef = 7A780E8820EB6F3600A6A062 /* YT_UISwitch_VC.m */; };
		7A780E8C20EB703300A6A062 /* YT_UIMenuController_VC.m in Sources */ = {isa = PBXBuildFile; fileRef = 7A780E8B20EB703300A6A062 /* YT_UIMenuController_VC.m */; };
		7A780E9120EB7F3C00A6A062 /* YT_UIActivityViewController_VC.m in Sources */ = {isa = PBXBuildFile; fileRef = 7A780E9020EB7F3C00A6A062 /* YT_UIActivityViewController_VC.m */; };
		7A780E9420EB819600A6A062 /* YT_TouchID_VC.m in Sources */ = {isa = PBXBuildFile; fileRef = 7A780E9320EB819600A6A062 /* YT_TouchID_VC.m */; };
		7A780E9720EB82BC00A6A062 /* YT_UIImageView_VC.m in Sources */ = {isa = PBXBuildFile; fileRef = 7A780E9620EB82BC00A6A062 /* YT_UIImageView_VC.m */; };
/* End PBXBuildFile section */

/* Begin PBXFileReference section */
		7A780E6720EB4FA300A6A062 /* YT_iOSHelp.app */ = {isa = PBXFileReference; explicitFileType = wrapper.application; includeInIndex = 0; path = YT_iOSHelp.app; sourceTree = BUILT_PRODUCTS_DIR; };
		7A780E6A20EB4FA300A6A062 /* AppDelegate.h */ = {isa = PBXFileReference; lastKnownFileType = sourcecode.c.h; path = AppDelegate.h; sourceTree = "<group>"; };
		7A780E6B20EB4FA300A6A062 /* AppDelegate.m */ = {isa = PBXFileReference; lastKnownFileType = sourcecode.c.objc; path = AppDelegate.m; sourceTree = "<group>"; };
		7A780E7320EB4FA600A6A062 /* Assets.xcassets */ = {isa = PBXFileReference; lastKnownFileType = folder.assetcatalog; path = Assets.xcassets; sourceTree = "<group>"; };
		7A780E7820EB4FA600A6A062 /* Info.plist */ = {isa = PBXFileReference; lastKnownFileType = text.plist.xml; path = Info.plist; sourceTree = "<group>"; };
		7A780E7920EB4FA600A6A062 /* main.m */ = {isa = PBXFileReference; lastKnownFileType = sourcecode.c.objc; path = main.m; sourceTree = "<group>"; };
		7A780E8120EB517600A6A062 /* YT_UILable_VC.h */ = {isa = PBXFileReference; lastKnownFileType = sourcecode.c.h; path = YT_UILable_VC.h; sourceTree = "<group>"; };
		7A780E8220EB517600A6A062 /* YT_UILable_VC.m */ = {isa = PBXFileReference; lastKnownFileType = sourcecode.c.objc; path = YT_UILable_VC.m; sourceTree = "<group>"; };
		7A780E8420EB63C600A6A062 /* YT_UIButton_VC.h */ = {isa = PBXFileReference; lastKnownFileType = sourcecode.c.h; path = YT_UIButton_VC.h; sourceTree = "<group>"; };
		7A780E8520EB63C600A6A062 /* YT_UIButton_VC.m */ = {isa = PBXFileReference; lastKnownFileType = sourcecode.c.objc; path = YT_UIButton_VC.m; sourceTree = "<group>"; };
		7A780E8720EB6F3600A6A062 /* YT_UISwitch_VC.h */ = {isa = PBXFileReference; lastKnownFileType = sourcecode.c.h; path = YT_UISwitch_VC.h; sourceTree = "<group>"; };
		7A780E8820EB6F3600A6A062 /* YT_UISwitch_VC.m */ = {isa = PBXFileReference; lastKnownFileType = sourcecode.c.objc; path = YT_UISwitch_VC.m; sourceTree = "<group>"; };
		7A780E8A20EB703300A6A062 /* YT_UIMenuController_VC.h */ = {isa = PBXFileReference; lastKnownFileType = sourcecode.c.h; path = YT_UIMenuController_VC.h; sourceTree = "<group>"; };
		7A780E8B20EB703300A6A062 /* YT_UIMenuController_VC.m */ = {isa = PBXFileReference; lastKnownFileType = sourcecode.c.objc; path = YT_UIMenuController_VC.m; sourceTree = "<group>"; };
		7A780E8F20EB7F3C00A6A062 /* YT_UIActivityViewController_VC.h */ = {isa = PBXFileReference; lastKnownFileType = sourcecode.c.h; path = YT_UIActivityViewController_VC.h; sourceTree = "<group>"; };
		7A780E9020EB7F3C00A6A062 /* YT_UIActivityViewController_VC.m */ = {isa = PBXFileReference; lastKnownFileType = sourcecode.c.objc; path = YT_UIActivityViewController_VC.m; sourceTree = "<group>"; };
		7A780E9220EB819600A6A062 /* YT_TouchID_VC.h */ = {isa = PBXFileReference; lastKnownFileType = sourcecode.c.h; path = YT_TouchID_VC.h; sourceTree = "<group>"; };
		7A780E9320EB819600A6A062 /* YT_TouchID_VC.m */ = {isa = PBXFileReference; lastKnownFileType = sourcecode.c.objc; path = YT_TouchID_VC.m; sourceTree = "<group>"; };
		7A780E9520EB82BC00A6A062 /* YT_UIImageView_VC.h */ = {isa = PBXFileReference; lastKnownFileType = sourcecode.c.h; path = YT_UIImageView_VC.h; sourceTree = "<group>"; };
		7A780E9620EB82BC00A6A062 /* YT_UIImageView_VC.m */ = {isa = PBXFileReference; lastKnownFileType = sourcecode.c.objc; path = YT_UIImageView_VC.m; sourceTree = "<group>"; };
/* End PBXFileReference section */

/* Begin PBXFrameworksBuildPhase section */
		7A780E6420EB4FA300A6A062 /* Frameworks */ = {
			isa = PBXFrameworksBuildPhase;
			buildActionMask = 2147483647;
			files = (
			);
			runOnlyForDeploymentPostprocessing = 0;
		};
/* End PBXFrameworksBuildPhase section */

/* Begin PBXGroup section */
		7A780E5E20EB4FA300A6A062 = {
			isa = PBXGroup;
			children = (
				7A780E6920EB4FA300A6A062 /* YT_iOSHelp */,
				7A780E6820EB4FA300A6A062 /* Products */,
			);
			sourceTree = "<group>";
		};
		7A780E6820EB4FA300A6A062 /* Products */ = {
			isa = PBXGroup;
			children = (
				7A780E6720EB4FA300A6A062 /* YT_iOSHelp.app */,
			);
			name = Products;
			sourceTree = "<group>";
		};
		7A780E6920EB4FA300A6A062 /* YT_iOSHelp */ = {
			isa = PBXGroup;
			children = (
				7A780E8E20EB7F1700A6A062 /* 指纹 */,
				7A780E8D20EB7F0900A6A062 /* 分享 */,
				7A780E8020EB514100A6A062 /* UIKit */,
				7A780E6A20EB4FA300A6A062 /* AppDelegate.h */,
				7A780E6B20EB4FA300A6A062 /* AppDelegate.m */,
				7A780E7320EB4FA600A6A062 /* Assets.xcassets */,
				7A780E7820EB4FA600A6A062 /* Info.plist */,
				7A780E7920EB4FA600A6A062 /* main.m */,
			);
			path = YT_iOSHelp;
			sourceTree = "<group>";
		};
		7A780E8020EB514100A6A062 /* UIKit */ = {
			isa = PBXGroup;
			children = (
				7A780E8120EB517600A6A062 /* YT_UILable_VC.h */,
				7A780E8220EB517600A6A062 /* YT_UILable_VC.m */,
				7A780E8420EB63C600A6A062 /* YT_UIButton_VC.h */,
				7A780E8520EB63C600A6A062 /* YT_UIButton_VC.m */,
				7A780E8720EB6F3600A6A062 /* YT_UISwitch_VC.h */,
				7A780E8820EB6F3600A6A062 /* YT_UISwitch_VC.m */,
				7A780E8A20EB703300A6A062 /* YT_UIMenuController_VC.h */,
				7A780E8B20EB703300A6A062 /* YT_UIMenuController_VC.m */,
				7A780E9520EB82BC00A6A062 /* YT_UIImageView_VC.h */,
				7A780E9620EB82BC00A6A062 /* YT_UIImageView_VC.m */,
			);
			path = UIKit;
			sourceTree = "<group>";
		};
		7A780E8D20EB7F0900A6A062 /* 分享 */ = {
			isa = PBXGroup;
			children = (
				7A780E8F20EB7F3C00A6A062 /* YT_UIActivityViewController_VC.h */,
				7A780E9020EB7F3C00A6A062 /* YT_UIActivityViewController_VC.m */,
			);
			path = "分享";
			sourceTree = "<group>";
		};
		7A780E8E20EB7F1700A6A062 /* 指纹 */ = {
			isa = PBXGroup;
			children = (
				7A780E9220EB819600A6A062 /* YT_TouchID_VC.h */,
				7A780E9320EB819600A6A062 /* YT_TouchID_VC.m */,
			);
			path = "指纹";
			sourceTree = "<group>";
		};
/* End PBXGroup section */

/* Begin PBXNativeTarget section */
		7A780E6620EB4FA300A6A062 /* YT_iOSHelp */ = {
			isa = PBXNativeTarget;
			buildConfigurationList = 7A780E7D20EB4FA600A6A062 /* Build configuration list for PBXNativeTarget "YT_iOSHelp" */;
			buildPhases = (
				7A780E6320EB4FA300A6A062 /* Sources */,
				7A780E6420EB4FA300A6A062 /* Frameworks */,
				7A780E6520EB4FA300A6A062 /* Resources */,
			);
			buildRules = (
			);
			dependencies = (
			);
			name = YT_iOSHelp;
			productName = YT_iOSHelp;
			productReference = 7A780E6720EB4FA300A6A062 /* YT_iOSHelp.app */;
			productType = "com.apple.product-type.application";
		};
/* End PBXNativeTarget section */

/* Begin PBXProject section */
		7A780E5F20EB4FA300A6A062 /* Project object */ = {
			isa = PBXProject;
			attributes = {
				LastUpgradeCheck = 0940;
				ORGANIZATIONNAME = SamShu;
				TargetAttributes = {
					7A780E6620EB4FA300A6A062 = {
						CreatedOnToolsVersion = 9.4;
					};
				};
			};
			buildConfigurationList = 7A780E6220EB4FA300A6A062 /* Build configuration list for PBXProject "YT_iOSHelp" */;
			compatibilityVersion = "Xcode 9.3";
			developmentRegion = en;
			hasScannedForEncodings = 0;
			knownRegions = (
				en,
				Base,
			);
			mainGroup = 7A780E5E20EB4FA300A6A062;
			productRefGroup = 7A780E6820EB4FA300A6A062 /* Products */;
			projectDirPath = "";
			projectRoot = "";
			targets = (
				7A780E6620EB4FA300A6A062 /* YT_iOSHelp */,
			);
		};
/* End PBXProject section */

/* Begin PBXResourcesBuildPhase section */
		7A780E6520EB4FA300A6A062 /* Resources */ = {
			isa = PBXResourcesBuildPhase;
			buildActionMask = 2147483647;
			files = (
				7A780E7420EB4FA600A6A062 /* Assets.xcassets in Resources */,
			);
			runOnlyForDeploymentPostprocessing = 0;
		};
/* End PBXResourcesBuildPhase section */

/* Begin PBXSourcesBuildPhase section */
		7A780E6320EB4FA300A6A062 /* Sources */ = {
			isa = PBXSourcesBuildPhase;
			buildActionMask = 2147483647;
			files = (
				7A780E8320EB517600A6A062 /* YT_UILable_VC.m in Sources */,
				7A780E8620EB63C600A6A062 /* YT_UIButton_VC.m in Sources */,
				7A780E8920EB6F3600A6A062 /* YT_UISwitch_VC.m in Sources */,
				7A780E7A20EB4FA600A6A062 /* main.m in Sources */,
				7A780E9120EB7F3C00A6A062 /* YT_UIActivityViewController_VC.m in Sources */,
				7A780E8C20EB703300A6A062 /* YT_UIMenuController_VC.m in Sources */,
				7A780E9720EB82BC00A6A062 /* YT_UIImageView_VC.m in Sources */,
				7A780E9420EB819600A6A062 /* YT_TouchID_VC.m in Sources */,
				7A780E6C20EB4FA300A6A062 /* AppDelegate.m in Sources */,
			);
			runOnlyForDeploymentPostprocessing = 0;
		};
/* End PBXSourcesBuildPhase section */

/* Begin XCBuildConfiguration section */
		7A780E7B20EB4FA600A6A062 /* Debug */ = {
			isa = XCBuildConfiguration;
			buildSettings = {
				ALWAYS_SEARCH_USER_PATHS = NO;
				CLANG_ANALYZER_NONNULL = YES;
				CLANG_ANALYZER_NUMBER_OBJECT_CONVERSION = YES_AGGRESSIVE;
				CLANG_CXX_LANGUAGE_STANDARD = "gnu++14";
				CLANG_CXX_LIBRARY = "libc++";
				CLANG_ENABLE_MODULES = YES;
				CLANG_ENABLE_OBJC_ARC = YES;
				CLANG_ENABLE_OBJC_WEAK = YES;
				CLANG_WARN_BLOCK_CAPTURE_AUTORELEASING = YES;
				CLANG_WARN_BOOL_CONVERSION = YES;
				CLANG_WARN_COMMA = YES;
				CLANG_WARN_CONSTANT_CONVERSION = YES;
				CLANG_WARN_DEPRECATED_OBJC_IMPLEMENTATIONS = YES;
				CLANG_WARN_DIRECT_OBJC_ISA_USAGE = YES_ERROR;
				CLANG_WARN_DOCUMENTATION_COMMENTS = YES;
				CLANG_WARN_EMPTY_BODY = YES;
				CLANG_WARN_ENUM_CONVERSION = YES;
				CLANG_WARN_INFINITE_RECURSION = YES;
				CLANG_WARN_INT_CONVERSION = YES;
				CLANG_WARN_NON_LITERAL_NULL_CONVERSION = YES;
				CLANG_WARN_OBJC_IMPLICIT_RETAIN_SELF = YES;
				CLANG_WARN_OBJC_LITERAL_CONVERSION = YES;
				CLANG_WARN_OBJC_ROOT_CLASS = YES_ERROR;
				CLANG_WARN_RANGE_LOOP_ANALYSIS = YES;
				CLANG_WARN_STRICT_PROTOTYPES = YES;
				CLANG_WARN_SUSPICIOUS_MOVE = YES;
				CLANG_WARN_UNGUARDED_AVAILABILITY = YES_AGGRESSIVE;
				CLANG_WARN_UNREACHABLE_CODE = YES;
				CLANG_WARN__DUPLICATE_METHOD_MATCH = YES;
				CODE_SIGN_IDENTITY = "iPhone Developer";
				COPY_PHASE_STRIP = NO;
				DEBUG_INFORMATION_FORMAT = dwarf;
				ENABLE_STRICT_OBJC_MSGSEND = YES;
				ENABLE_TESTABILITY = YES;
				GCC_C_LANGUAGE_STANDARD = gnu11;
				GCC_DYNAMIC_NO_PIC = NO;
				GCC_NO_COMMON_BLOCKS = YES;
				GCC_OPTIMIZATION_LEVEL = 0;
				GCC_PREPROCESSOR_DEFINITIONS = (
					"DEBUG=1",
					"$(inherited)",
				);
				GCC_WARN_64_TO_32_BIT_CONVERSION = YES;
				GCC_WARN_ABOUT_RETURN_TYPE = YES_ERROR;
				GCC_WARN_UNDECLARED_SELECTOR = YES;
				GCC_WARN_UNINITIALIZED_AUTOS = YES_AGGRESSIVE;
				GCC_WARN_UNUSED_FUNCTION = YES;
				GCC_WARN_UNUSED_VARIABLE = YES;
				IPHONEOS_DEPLOYMENT_TARGET = 11.4;
				MTL_ENABLE_DEBUG_INFO = YES;
				ONLY_ACTIVE_ARCH = YES;
				SDKROOT = iphoneos;
			};
			name = Debug;
		};
		7A780E7C20EB4FA600A6A062 /* Release */ = {
			isa = XCBuildConfiguration;
			buildSettings = {
				ALWAYS_SEARCH_USER_PATHS = NO;
				CLANG_ANALYZER_NONNULL = YES;
				CLANG_ANALYZER_NUMBER_OBJECT_CONVERSION = YES_AGGRESSIVE;
				CLANG_CXX_LANGUAGE_STANDARD = "gnu++14";
				CLANG_CXX_LIBRARY = "libc++";
				CLANG_ENABLE_MODULES = YES;
				CLANG_ENABLE_OBJC_ARC = YES;
				CLANG_ENABLE_OBJC_WEAK = YES;
				CLANG_WARN_BLOCK_CAPTURE_AUTORELEASING = YES;
				CLANG_WARN_BOOL_CONVERSION = YES;
				CLANG_WARN_COMMA = YES;
				CLANG_WARN_CONSTANT_CONVERSION = YES;
				CLANG_WARN_DEPRECATED_OBJC_IMPLEMENTATIONS = YES;
				CLANG_WARN_DIRECT_OBJC_ISA_USAGE = YES_ERROR;
				CLANG_WARN_DOCUMENTATION_COMMENTS = YES;
				CLANG_WARN_EMPTY_BODY = YES;
				CLANG_WARN_ENUM_CONVERSION = YES;
				CLANG_WARN_INFINITE_RECURSION = YES;
				CLANG_WARN_INT_CONVERSION = YES;
				CLANG_WARN_NON_LITERAL_NULL_CONVERSION = YES;
				CLANG_WARN_OBJC_IMPLICIT_RETAIN_SELF = YES;
				CLANG_WARN_OBJC_LITERAL_CONVERSION = YES;
				CLANG_WARN_OBJC_ROOT_CLASS = YES_ERROR;
				CLANG_WARN_RANGE_LOOP_ANALYSIS = YES;
				CLANG_WARN_STRICT_PROTOTYPES = YES;
				CLANG_WARN_SUSPICIOUS_MOVE = YES;
				CLANG_WARN_UNGUARDED_AVAILABILITY = YES_AGGRESSIVE;
				CLANG_WARN_UNREACHABLE_CODE = YES;
				CLANG_WARN__DUPLICATE_METHOD_MATCH = YES;
				CODE_SIGN_IDENTITY = "iPhone Developer";
				COPY_PHASE_STRIP = NO;
				DEBUG_INFORMATION_FORMAT = "dwarf-with-dsym";
				ENABLE_NS_ASSERTIONS = NO;
				ENABLE_STRICT_OBJC_MSGSEND = YES;
				GCC_C_LANGUAGE_STANDARD = gnu11;
				GCC_NO_COMMON_BLOCKS = YES;
				GCC_WARN_64_TO_32_BIT_CONVERSION = YES;
				GCC_WARN_ABOUT_RETURN_TYPE = YES_ERROR;
				GCC_WARN_UNDECLARED_SELECTOR = YES;
				GCC_WARN_UNINITIALIZED_AUTOS = YES_AGGRESSIVE;
				GCC_WARN_UNUSED_FUNCTION = YES;
				GCC_WARN_UNUSED_VARIABLE = YES;
				IPHONEOS_DEPLOYMENT_TARGET = 11.4;
				MTL_ENABLE_DEBUG_INFO = NO;
				SDKROOT = iphoneos;
				VALIDATE_PRODUCT = YES;
			};
			name = Release;
		};
		7A780E7E20EB4FA600A6A062 /* Debug */ = {
			isa = XCBuildConfiguration;
			buildSettings = {
				ASSETCATALOG_COMPILER_APPICON_NAME = AppIcon;
				ASSETCATALOG_COMPILER_LAUNCHIMAGE_NAME = LaunchImage;
				CODE_SIGN_STYLE = Automatic;
				DEVELOPMENT_TEAM = U872SXS3MZ;
				INFOPLIST_FILE = YT_iOSHelp/Info.plist;
				IPHONEOS_DEPLOYMENT_TARGET = 9.0;
				LD_RUNPATH_SEARCH_PATHS = (
					"$(inherited)",
					"@executable_path/Frameworks",
				);
				PRODUCT_BUNDLE_IDENTIFIER = "com.shuchenyu.YT-iOSHelp";
				PRODUCT_NAME = "$(TARGET_NAME)";
				TARGETED_DEVICE_FAMILY = "1,2";
			};
			name = Debug;
		};
		7A780E7F20EB4FA600A6A062 /* Release */ = {
			isa = XCBuildConfiguration;
			buildSettings = {
				ASSETCATALOG_COMPILER_APPICON_NAME = AppIcon;
				ASSETCATALOG_COMPILER_LAUNCHIMAGE_NAME = LaunchImage;
				CODE_SIGN_STYLE = Automatic;
				DEVELOPMENT_TEAM = U872SXS3MZ;
				INFOPLIST_FILE = YT_iOSHelp/Info.plist;
				IPHONEOS_DEPLOYMENT_TARGET = 9.0;
				LD_RUNPATH_SEARCH_PATHS = (
					"$(inherited)",
					"@executable_path/Frameworks",
				);
				PRODUCT_BUNDLE_IDENTIFIER = "com.shuchenyu.YT-iOSHelp";
				PRODUCT_NAME = "$(TARGET_NAME)";
				TARGETED_DEVICE_FAMILY = "1,2";
			};
			name = Release;
		};
/* End XCBuildConfiguration section */

/* Begin XCConfigurationList section */
		7A780E6220EB4FA300A6A062 /* Build configuration list for PBXProject "YT_iOSHelp" */ = {
			isa = XCConfigurationList;
			buildConfigurations = (
				7A780E7B20EB4FA600A6A062 /* Debug */,
				7A780E7C20EB4FA600A6A062 /* Release */,
			);
			defaultConfigurationIsVisible = 0;
			defaultConfigurationName = Release;
		};
		7A780E7D20EB4FA600A6A062 /* Build configuration list for PBXNativeTarget "YT_iOSHelp" */ = {
			isa = XCConfigurationList;
			buildConfigurations = (
				7A780E7E20EB4FA600A6A062 /* Debug */,
				7A780E7F20EB4FA600A6A062 /* Release */,
			);
			defaultConfigurationIsVisible = 0;
			defaultConfigurationName = Release;
		};
/* End XCConfigurationList section */
	};
	rootObject = 7A780E5F20EB4FA300A6A062 /* Project object */;
}
